// !$*UTF8*$!
{
	archiveVersion = 1;
	classes = {
	};
	objectVersion = 77;
	objects = {

/* Begin PBXBuildFile section */
		1510D2732EDE4A8500835FAB /* SoulverCore in Frameworks */ = {isa = PBXBuildFile; productRef = 1510D2722EDE4A8500835FAB /* SoulverCore */; };
		1510D2762EDE4C2C00835FAB /* DiscordAuth in Frameworks */ = {isa = PBXBuildFile; productRef = 1510D2752EDE4C2C00835FAB /* DiscordAuth */; };
		1510D2782EDE4C2C00835FAB /* DiscordBM in Frameworks */ = {isa = PBXBuildFile; productRef = 1510D2772EDE4C2C00835FAB /* DiscordBM */; };
		1510D27A2EDE4C2C00835FAB /* DiscordCore in Frameworks */ = {isa = PBXBuildFile; productRef = 1510D2792EDE4C2C00835FAB /* DiscordCore */; };
		1510D27C2EDE4C2C00835FAB /* DiscordGateway in Frameworks */ = {isa = PBXBuildFile; productRef = 1510D27B2EDE4C2C00835FAB /* DiscordGateway */; };
		1510D27E2EDE4C2C00835FAB /* DiscordHTTP in Frameworks */ = {isa = PBXBuildFile; productRef = 1510D27D2EDE4C2C00835FAB /* DiscordHTTP */; };
		1510D2802EDE4C2C00835FAB /* DiscordModels in Frameworks */ = {isa = PBXBuildFile; productRef = 1510D27F2EDE4C2C00835FAB /* DiscordModels */; };
		1510D2822EDE4C2C00835FAB /* DiscordUtilities in Frameworks */ = {isa = PBXBuildFile; productRef = 1510D2812EDE4C2C00835FAB /* DiscordUtilities */; };
/* End PBXBuildFile section */

/* Begin PBXCopyFilesBuildPhase section */
		1510D2652EDE4A6D00835FAB /* CopyFiles */ = {
			isa = PBXCopyFilesBuildPhase;
			buildActionMask = 2147483647;
			dstPath = "";
			dstSubfolderSpec = 10;
			files = (
			);
			runOnlyForDeploymentPostprocessing = 0;
		};
/* End PBXCopyFilesBuildPhase section */

/* Begin PBXFileReference section */
		1510D2672EDE4A6D00835FAB /* calcBot */ = {isa = PBXFileReference; explicitFileType = "compiled.mach-o.executable"; includeInIndex = 0; path = calcBot; sourceTree = BUILT_PRODUCTS_DIR; };
/* End PBXFileReference section */

/* Begin PBXFileSystemSynchronizedRootGroup section */
		1510D2692EDE4A6D00835FAB /* calcBot */ = {
			isa = PBXFileSystemSynchronizedRootGroup;
			path = calcBot;
			sourceTree = "<group>";
		};
/* End PBXFileSystemSynchronizedRootGroup section */

/* Begin PBXFrameworksBuildPhase section */
		1510D2642EDE4A6D00835FAB /* Frameworks */ = {
			isa = PBXFrameworksBuildPhase;
			buildActionMask = 2147483647;
			files = (
				1510D27A2EDE4C2C00835FAB /* DiscordCore in Frameworks */,
				1510D2732EDE4A8500835FAB /* SoulverCore in Frameworks */,
				1510D2762EDE4C2C00835FAB /* DiscordAuth in Frameworks */,
				1510D27E2EDE4C2C00835FAB /* DiscordHTTP in Frameworks */,
				1510D2822EDE4C2C00835FAB /* DiscordUtilities in Frameworks */,
				1510D27C2EDE4C2C00835FAB /* DiscordGateway in Frameworks */,
				1510D2782EDE4C2C00835FAB /* DiscordBM in Frameworks */,
				1510D2802EDE4C2C00835FAB /* DiscordModels in Frameworks */,
			);
			runOnlyForDeploymentPostprocessing = 0;
		};
/* End PBXFrameworksBuildPhase section */

/* Begin PBXGroup section */
		1510D25E2EDE4A6D00835FAB = {
			isa = PBXGroup;
			children = (
				1510D2692EDE4A6D00835FAB /* calcBot */,
				1510D2682EDE4A6D00835FAB /* Products */,
			);
			sourceTree = "<group>";
		};
		1510D2682EDE4A6D00835FAB /* Products */ = {
			isa = PBXGroup;
			children = (
				1510D2672EDE4A6D00835FAB /* calcBot */,
			);
			name = Products;
			sourceTree = "<group>";
		};
/* End PBXGroup section */

/* Begin PBXNativeTarget section */
		1510D2662EDE4A6D00835FAB /* calcBot */ = {
			isa = PBXNativeTarget;
			buildConfigurationList = 1510D26E2EDE4A6D00835FAB /* Build configuration list for PBXNativeTarget "calcBot" */;
			buildPhases = (
				1510D2632EDE4A6D00835FAB /* Sources */,
				1510D2642EDE4A6D00835FAB /* Frameworks */,
				1510D2652EDE4A6D00835FAB /* CopyFiles */,
			);
			buildRules = (
			);
			dependencies = (
			);
			fileSystemSynchronizedGroups = (
				1510D2692EDE4A6D00835FAB /* calcBot */,
			);
			name = calcBot;
			packageProductDependencies = (
				1510D2722EDE4A8500835FAB /* SoulverCore */,
				1510D2752EDE4C2C00835FAB /* DiscordAuth */,
				1510D2772EDE4C2C00835FAB /* DiscordBM */,
				1510D2792EDE4C2C00835FAB /* DiscordCore */,
				1510D27B2EDE4C2C00835FAB /* DiscordGateway */,
				1510D27D2EDE4C2C00835FAB /* DiscordHTTP */,
				1510D27F2EDE4C2C00835FAB /* DiscordModels */,
				1510D2812EDE4C2C00835FAB /* DiscordUtilities */,
			);
			productName = calcBot;
			productReference = 1510D2672EDE4A6D00835FAB /* calcBot */;
			productType = "com.apple.product-type.tool";
		};
/* End PBXNativeTarget section */

/* Begin PBXProject section */
		1510D25F2EDE4A6D00835FAB /* Project object */ = {
			isa = PBXProject;
			attributes = {
				BuildIndependentTargetsInParallel = 1;
				LastSwiftUpdateCheck = 2610;
				LastUpgradeCheck = 2610;
				TargetAttributes = {
					1510D2662EDE4A6D00835FAB = {
						CreatedOnToolsVersion = 26.1.1;
					};
				};
			};
			buildConfigurationList = 1510D2622EDE4A6D00835FAB /* Build configuration list for PBXProject "calcBot" */;
			developmentRegion = en;
			hasScannedForEncodings = 0;
			knownRegions = (
				en,
				Base,
			);
			mainGroup = 1510D25E2EDE4A6D00835FAB;
			minimizedProjectReferenceProxies = 1;
			packageReferences = (
				1510D2712EDE4A8500835FAB /* XCRemoteSwiftPackageReference "SoulverCore" */,
				1510D2742EDE4C2C00835FAB /* XCRemoteSwiftPackageReference "DiscordBM" */,
			);
			preferredProjectObjectVersion = 77;
			productRefGroup = 1510D2682EDE4A6D00835FAB /* Products */;
			projectDirPath = "";
			projectRoot = "";
			targets = (
				1510D2662EDE4A6D00835FAB /* calcBot */,
			);
		};
/* End PBXProject section */

/* Begin PBXSourcesBuildPhase section */
		1510D2632EDE4A6D00835FAB /* Sources */ = {
			isa = PBXSourcesBuildPhase;
			buildActionMask = 2147483647;
			files = (
			);
			runOnlyForDeploymentPostprocessing = 0;
		};
/* End PBXSourcesBuildPhase section */

/* Begin XCBuildConfiguration section */
		1510D26C2EDE4A6D00835FAB /* Debug */ = {
			isa = XCBuildConfiguration;
			buildSettings = {
				ALWAYS_SEARCH_USER_PATHS = NO;
				ASSETCATALOG_COMPILER_GENERATE_SWIFT_ASSET_SYMBOL_EXTENSIONS = YES;
				CLANG_ANALYZER_NONNULL = YES;
				CLANG_ANALYZER_NUMBER_OBJECT_CONVERSION = YES_AGGRESSIVE;
				CLANG_CXX_LANGUAGE_STANDARD = "gnu++20";
				CLANG_ENABLE_MODULES = YES;
				CLANG_ENABLE_OBJC_ARC = YES;
				CLANG_ENABLE_OBJC_WEAK = YES;
				CLANG_WARN_BLOCK_CAPTURE_AUTORELEASING = YES;
				CLANG_WARN_BOOL_CONVERSION = YES;
				CLANG_WARN_COMMA = YES;
				CLANG_WARN_CONSTANT_CONVERSION = YES;
				CLANG_WARN_DEPRECATED_OBJC_IMPLEMENTATIONS = YES;
				CLANG_WARN_DIRECT_OBJC_ISA_USAGE = YES_ERROR;
				CLANG_WARN_DOCUMENTATION_COMMENTS = YES;
				CLANG_WARN_EMPTY_BODY = YES;
				CLANG_WARN_ENUM_CONVERSION = YES;
				CLANG_WARN_INFINITE_RECURSION = YES;
				CLANG_WARN_INT_CONVERSION = YES;
				CLANG_WARN_NON_LITERAL_NULL_CONVERSION = YES;
				CLANG_WARN_OBJC_IMPLICIT_RETAIN_SELF = YES;
				CLANG_WARN_OBJC_LITERAL_CONVERSION = YES;
				CLANG_WARN_OBJC_ROOT_CLASS = YES_ERROR;
				CLANG_WARN_QUOTED_INCLUDE_IN_FRAMEWORK_HEADER = YES;
				CLANG_WARN_RANGE_LOOP_ANALYSIS = YES;
				CLANG_WARN_STRICT_PROTOTYPES = YES;
				CLANG_WARN_SUSPICIOUS_MOVE = YES;
				CLANG_WARN_UNGUARDED_AVAILABILITY = YES_AGGRESSIVE;
				CLANG_WARN_UNREACHABLE_CODE = YES;
				CLANG_WARN__DUPLICATE_METHOD_MATCH = YES;
				COPY_PHASE_STRIP = NO;
				DEBUG_INFORMATION_FORMAT = dwarf;
				ENABLE_STRICT_OBJC_MSGSEND = YES;
				ENABLE_TESTABILITY = YES;
				ENABLE_USER_SCRIPT_SANDBOXING = YES;
				GCC_C_LANGUAGE_STANDARD = gnu17;
				GCC_DYNAMIC_NO_PIC = NO;
				GCC_NO_COMMON_BLOCKS = YES;
				GCC_OPTIMIZATION_LEVEL = 0;
				GCC_PREPROCESSOR_DEFINITIONS = (
					"DEBUG=1",
					"$(inherited)",
				);
				GCC_WARN_64_TO_32_BIT_CONVERSION = YES;
				GCC_WARN_ABOUT_RETURN_TYPE = YES_ERROR;
				GCC_WARN_UNDECLARED_SELECTOR = YES;
				GCC_WARN_UNINITIALIZED_AUTOS = YES_AGGRESSIVE;
				GCC_WARN_UNUSED_FUNCTION = YES;
				GCC_WARN_UNUSED_VARIABLE = YES;
				LOCALIZATION_PREFERS_STRING_CATALOGS = YES;
				MACOSX_DEPLOYMENT_TARGET = 26.1;
				MTL_ENABLE_DEBUG_INFO = INCLUDE_SOURCE;
				MTL_FAST_MATH = YES;
				ONLY_ACTIVE_ARCH = YES;
				SDKROOT = macosx;
				SWIFT_ACTIVE_COMPILATION_CONDITIONS = "DEBUG $(inherited)";
				SWIFT_OPTIMIZATION_LEVEL = "-Onone";
			};
			name = Debug;
		};
		1510D26D2EDE4A6D00835FAB /* Release */ = {
			isa = XCBuildConfiguration;
			buildSettings = {
				ALWAYS_SEARCH_USER_PATHS = NO;
				ASSETCATALOG_COMPILER_GENERATE_SWIFT_ASSET_SYMBOL_EXTENSIONS = YES;
				CLANG_ANALYZER_NONNULL = YES;
				CLANG_ANALYZER_NUMBER_OBJECT_CONVERSION = YES_AGGRESSIVE;
				CLANG_CXX_LANGUAGE_STANDARD = "gnu++20";
				CLANG_ENABLE_MODULES = YES;
				CLANG_ENABLE_OBJC_ARC = YES;
				CLANG_ENABLE_OBJC_WEAK = YES;
				CLANG_WARN_BLOCK_CAPTURE_AUTORELEASING = YES;
				CLANG_WARN_BOOL_CONVERSION = YES;
				CLANG_WARN_COMMA = YES;
				CLANG_WARN_CONSTANT_CONVERSION = YES;
				CLANG_WARN_DEPRECATED_OBJC_IMPLEMENTATIONS = YES;
				CLANG_WARN_DIRECT_OBJC_ISA_USAGE = YES_ERROR;
				CLANG_WARN_DOCUMENTATION_COMMENTS = YES;
				CLANG_WARN_EMPTY_BODY = YES;
				CLANG_WARN_ENUM_CONVERSION = YES;
				CLANG_WARN_INFINITE_RECURSION = YES;
				CLANG_WARN_INT_CONVERSION = YES;
				CLANG_WARN_NON_LITERAL_NULL_CONVERSION = YES;
				CLANG_WARN_OBJC_IMPLICIT_RETAIN_SELF = YES;
				CLANG_WARN_OBJC_LITERAL_CONVERSION = YES;
				CLANG_WARN_OBJC_ROOT_CLASS = YES_ERROR;
				CLANG_WARN_QUOTED_INCLUDE_IN_FRAMEWORK_HEADER = YES;
				CLANG_WARN_RANGE_LOOP_ANALYSIS = YES;
				CLANG_WARN_STRICT_PROTOTYPES = YES;
				CLANG_WARN_SUSPICIOUS_MOVE = YES;
				CLANG_WARN_UNGUARDED_AVAILABILITY = YES_AGGRESSIVE;
				CLANG_WARN_UNREACHABLE_CODE = YES;
				CLANG_WARN__DUPLICATE_METHOD_MATCH = YES;
				COPY_PHASE_STRIP = NO;
				DEBUG_INFORMATION_FORMAT = "dwarf-with-dsym";
				ENABLE_NS_ASSERTIONS = NO;
				ENABLE_STRICT_OBJC_MSGSEND = YES;
				ENABLE_USER_SCRIPT_SANDBOXING = YES;
				GCC_C_LANGUAGE_STANDARD = gnu17;
				GCC_NO_COMMON_BLOCKS = YES;
				GCC_WARN_64_TO_32_BIT_CONVERSION = YES;
				GCC_WARN_ABOUT_RETURN_TYPE = YES_ERROR;
				GCC_WARN_UNDECLARED_SELECTOR = YES;
				GCC_WARN_UNINITIALIZED_AUTOS = YES_AGGRESSIVE;
				GCC_WARN_UNUSED_FUNCTION = YES;
				GCC_WARN_UNUSED_VARIABLE = YES;
				LOCALIZATION_PREFERS_STRING_CATALOGS = YES;
				MACOSX_DEPLOYMENT_TARGET = 26.1;
				MTL_ENABLE_DEBUG_INFO = NO;
				MTL_FAST_MATH = YES;
				SDKROOT = macosx;
				SWIFT_COMPILATION_MODE = wholemodule;
			};
			name = Release;
		};
		1510D26F2EDE4A6D00835FAB /* Debug */ = {
			isa = XCBuildConfiguration;
			buildSettings = {
				CODE_SIGN_STYLE = Automatic;
				LD_RUNPATH_SEARCH_PATHS = (
					"$(inherited)",
					"@executable_path/Frameworks",
					"@executable_path/../Frameworks",
					"@executable_path/../PackageFrameworks",
					"$(TOOLCHAIN_DIR)/usr/lib/swift/macosx",
				);
				PRODUCT_NAME = "$(TARGET_NAME)";
				SWIFT_APPROACHABLE_CONCURRENCY = YES;
				SWIFT_UPCOMING_FEATURE_MEMBER_IMPORT_VISIBILITY = YES;
				SWIFT_VERSION = 5.0;
			};
			name = Debug;
		};
		1510D2702EDE4A6D00835FAB /* Release */ = {
			isa = XCBuildConfiguration;
			buildSettings = {
				CODE_SIGN_STYLE = Automatic;
				LD_RUNPATH_SEARCH_PATHS = (
					"$(inherited)",
					"@executable_path/Frameworks",
					"@executable_path/../Frameworks",
					"@executable_path/../PackageFrameworks",
					"$(TOOLCHAIN_DIR)/usr/lib/swift/macosx",
				);
				PRODUCT_NAME = "$(TARGET_NAME)";
				SWIFT_APPROACHABLE_CONCURRENCY = YES;
				SWIFT_UPCOMING_FEATURE_MEMBER_IMPORT_VISIBILITY = YES;
				SWIFT_VERSION = 5.0;
			};
			name = Release;
		};
/* End XCBuildConfiguration section */

/* Begin XCConfigurationList section */
		1510D2622EDE4A6D00835FAB /* Build configuration list for PBXProject "calcBot" */ = {
			isa = XCConfigurationList;
			buildConfigurations = (
				1510D26C2EDE4A6D00835FAB /* Debug */,
				1510D26D2EDE4A6D00835FAB /* Release */,
			);
			defaultConfigurationIsVisible = 0;
			defaultConfigurationName = Release;
		};
		1510D26E2EDE4A6D00835FAB /* Build configuration list for PBXNativeTarget "calcBot" */ = {
			isa = XCConfigurationList;
			buildConfigurations = (
				1510D26F2EDE4A6D00835FAB /* Debug */,
				1510D2702EDE4A6D00835FAB /* Release */,
			);
			defaultConfigurationIsVisible = 0;
			defaultConfigurationName = Release;
		};
/* End XCConfigurationList section */

/* Begin XCRemoteSwiftPackageReference section */
		1510D2712EDE4A8500835FAB /* XCRemoteSwiftPackageReference "SoulverCore" */ = {
			isa = XCRemoteSwiftPackageReference;
			repositoryURL = "https://github.com/soulverteam/SoulverCore";
			requirement = {
				kind = upToNextMajorVersion;
				minimumVersion = 3.2.1;
			};
		};
		1510D2742EDE4C2C00835FAB /* XCRemoteSwiftPackageReference "DiscordBM" */ = {
			isa = XCRemoteSwiftPackageReference;
			repositoryURL = "https://github.com/DiscordBM/DiscordBM";
			requirement = {
				kind = upToNextMajorVersion;
				minimumVersion = 1.10.1;
			};
		};
/* End XCRemoteSwiftPackageReference section */

/* Begin XCSwiftPackageProductDependency section */
		1510D2722EDE4A8500835FAB /* SoulverCore */ = {
			isa = XCSwiftPackageProductDependency;
			package = 1510D2712EDE4A8500835FAB /* XCRemoteSwiftPackageReference "SoulverCore" */;
			productName = SoulverCore;
		};
		1510D2752EDE4C2C00835FAB /* DiscordAuth */ = {
			isa = XCSwiftPackageProductDependency;
			package = 1510D2742EDE4C2C00835FAB /* XCRemoteSwiftPackageReference "DiscordBM" */;
			productName = DiscordAuth;
		};
		1510D2772EDE4C2C00835FAB /* DiscordBM */ = {
			isa = XCSwiftPackageProductDependency;
			package = 1510D2742EDE4C2C00835FAB /* XCRemoteSwiftPackageReference "DiscordBM" */;
			productName = DiscordBM;
		};
		1510D2792EDE4C2C00835FAB /* DiscordCore */ = {
			isa = XCSwiftPackageProductDependency;
			package = 1510D2742EDE4C2C00835FAB /* XCRemoteSwiftPackageReference "DiscordBM" */;
			productName = DiscordCore;
		};
		1510D27B2EDE4C2C00835FAB /* DiscordGateway */ = {
			isa = XCSwiftPackageProductDependency;
			package = 1510D2742EDE4C2C00835FAB /* XCRemoteSwiftPackageReference "DiscordBM" */;
			productName = DiscordGateway;
		};
		1510D27D2EDE4C2C00835FAB /* DiscordHTTP */ = {
			isa = XCSwiftPackageProductDependency;
			package = 1510D2742EDE4C2C00835FAB /* XCRemoteSwiftPackageReference "DiscordBM" */;
			productName = DiscordHTTP;
		};
		1510D27F2EDE4C2C00835FAB /* DiscordModels */ = {
			isa = XCSwiftPackageProductDependency;
			package = 1510D2742EDE4C2C00835FAB /* XCRemoteSwiftPackageReference "DiscordBM" */;
			productName = DiscordModels;
		};
		1510D2812EDE4C2C00835FAB /* DiscordUtilities */ = {
			isa = XCSwiftPackageProductDependency;
			package = 1510D2742EDE4C2C00835FAB /* XCRemoteSwiftPackageReference "DiscordBM" */;
			productName = DiscordUtilities;
		};
/* End XCSwiftPackageProductDependency section */
	};
	rootObject = 1510D25F2EDE4A6D00835FAB /* Project object */;
}
